
Microsoft Visual Studio Solution File, Format Version 12.00
# Visual Studio Version 17
VisualStudioVersion = 17.7.34202.233
MinimumVisualStudioVersion = 10.0.40219.1
Project("{8BC9CEB8-8B4A-11D0-8D11-00A0C91BC942}") = "Codeforces96A", "Codeforces96A\Codeforces96A.vcxproj", "{91109907-8009-4D32-95BF-EDD792E3ECD2}"
EndProject
Global
	GlobalSection(SolutionConfigurationPlatforms) = preSolution
		Debug|x64 = Debug|x64
		Release|x64 = Release|x64
	EndGlobalSection
	GlobalSection(ProjectConfigurationPlatforms) = postSolution
		{91109907-8009-4D32-95BF-EDD792E3ECD2}.Debug|x64.ActiveCfg = Debug|x64
		{91109907-8009-4D32-95BF-EDD792E3ECD2}.Debug|x64.Build.0 = Debug|x64
		{91109907-8009-4D32-95BF-EDD792E3ECD2}.Release|x64.ActiveCfg = Release|x64
		{91109907-8009-4D32-95BF-EDD792E3ECD2}.Release|x64.Build.0 = Release|x64
	EndGlobalSection
	GlobalSection(SolutionProperties) = preSolution
		HideSolutionNode = FALSE
	EndGlobalSection
	GlobalSection(ExtensibilityGlobals) = postSolution
		SolutionGuid = {83CCAD55-1B00-4EAF-9DC3-42AEFD62195B}
	EndGlobalSection
EndGlobal
